// !$*UTF8*$!
{
	archiveVersion = 1;
	classes = {
	};
	objectVersion = 77;
	objects = {

/* Begin PBXBuildFile section */
		D4EDE5053003FE6700ADB884 /* AppDelegate.swift in Sources */ = {isa = PBXBuildFile; fileRef = D4EDE5043003FE6700ADB884 /* AppDelegate.swift */; };
		D4EDE51D3003FE6900ADB884 /* FourthShiftSync Extension.appex in Embed Foundation Extensions */ = {isa = PBXBuildFile; fileRef = D4EDE51C3003FE6900ADB884 /* FourthShiftSync Extension.appex */; settings = {ATTRIBUTES = (RemoveHeadersOnCopy, ); }; };
		D4EDE5223003FE6900ADB884 /* SafariWebExtensionHandler.swift in Sources */ = {isa = PBXBuildFile; fileRef = D4EDE5213003FE6900ADB884 /* SafariWebExtensionHandler.swift */; };
		D4EDE5333003FE6900ADB884 /* content.css in Resources */ = {isa = PBXBuildFile; fileRef = D4EDE52E3003FE6900ADB884 /* content.css */; };
		D4EDE5343003FE6900ADB884 /* background.js in Resources */ = {isa = PBXBuildFile; fileRef = D4EDE52F3003FE6900ADB884 /* background.js */; };
		D4EDE5353003FE6900ADB884 /* schedule.js in Resources */ = {isa = PBXBuildFile; fileRef = D4EDE5303003FE6900ADB884 /* schedule.js */; };
		D4EDE5363003FE6900ADB884 /* manifest.json in Resources */ = {isa = PBXBuildFile; fileRef = D4EDE5313003FE6900ADB884 /* manifest.json */; };
		D4EDE5373003FE6900ADB884 /* content.js in Resources */ = {isa = PBXBuildFile; fileRef = D4EDE5323003FE6900ADB884 /* content.js */; };
		A10000010000000000000001 /* CalendarSyncService.swift in Sources */ = {isa = PBXBuildFile; fileRef = A10000020000000000000001 /* CalendarSyncService.swift */; };
		A10000030000000000000001 /* Models.swift in Sources */ = {isa = PBXBuildFile; fileRef = A10000040000000000000001 /* Models.swift */; };
		B20000010000000000000001 /* Assets.xcassets in Resources */ = {isa = PBXBuildFile; fileRef = B20000020000000000000001 /* Assets.xcassets */; };
		B20000030000000000000001 /* Icons in Resources */ = {isa = PBXBuildFile; fileRef = B20000040000000000000001 /* Icons */; };
/* End PBXBuildFile section */

/* Begin PBXContainerItemProxy section */
		D4EDE51E3003FE6900ADB884 /* PBXContainerItemProxy */ = {
			isa = PBXContainerItemProxy;
			containerPortal = D4EDE4F93003FE6700ADB884 /* Project object */;
			proxyType = 1;
			remoteGlobalIDString = D4EDE51B3003FE6900ADB884;
			remoteInfo = "FourthShiftSync Extension";
		};
/* End PBXContainerItemProxy section */

/* Begin PBXCopyFilesBuildPhase section */
		D4EDE5293003FE6900ADB884 /* Embed Foundation Extensions */ = {
			isa = PBXCopyFilesBuildPhase;
			buildActionMask = 2147483647;
			dstPath = "";
			dstSubfolderSpec = 13;
			files = (
				D4EDE51D3003FE6900ADB884 /* FourthShiftSync Extension.appex in Embed Foundation Extensions */,
			);
			name = "Embed Foundation Extensions";
			runOnlyForDeploymentPostprocessing = 0;
		};
/* End PBXCopyFilesBuildPhase section */

/* Begin PBXFileReference section */
		D4EDE5013003FE6700ADB884 /* FourthShiftSync.app */ = {isa = PBXFileReference; explicitFileType = wrapper.application; includeInIndex = 0; path = FourthShiftSync.app; sourceTree = BUILT_PRODUCTS_DIR; };
		D4EDE5043003FE6700ADB884 /* AppDelegate.swift */ = {isa = PBXFileReference; lastKnownFileType = sourcecode.swift; path = AppDelegate.swift; sourceTree = "<group>"; };
		D4EDE5173003FE6900ADB884 /* Info.plist */ = {isa = PBXFileReference; lastKnownFileType = text.plist.xml; path = Info.plist; sourceTree = "<group>"; };
		D4EDE51C3003FE6900ADB884 /* FourthShiftSync Extension.appex */ = {isa = PBXFileReference; explicitFileType = "wrapper.app-extension"; includeInIndex = 0; path = "FourthShiftSync Extension.appex"; sourceTree = BUILT_PRODUCTS_DIR; };
		D4EDE5213003FE6900ADB884 /* SafariWebExtensionHandler.swift */ = {isa = PBXFileReference; lastKnownFileType = sourcecode.swift; path = SafariWebExtensionHandler.swift; sourceTree = "<group>"; };
		D4EDE5233003FE6900ADB884 /* Info.plist */ = {isa = PBXFileReference; lastKnownFileType = text.plist.xml; path = Info.plist; sourceTree = "<group>"; };
		D4EDE52E3003FE6900ADB884 /* content.css */ = {isa = PBXFileReference; lastKnownFileType = text.css; name = content.css; path = Resources/content.css; sourceTree = "<group>"; };
		D4EDE52F3003FE6900ADB884 /* background.js */ = {isa = PBXFileReference; lastKnownFileType = sourcecode.javascript; name = background.js; path = Resources/background.js; sourceTree = "<group>"; };
		D4EDE5303003FE6900ADB884 /* schedule.js */ = {isa = PBXFileReference; lastKnownFileType = sourcecode.javascript; name = schedule.js; path = Resources/schedule.js; sourceTree = "<group>"; };
		D4EDE5313003FE6900ADB884 /* manifest.json */ = {isa = PBXFileReference; lastKnownFileType = text.json; name = manifest.json; path = Resources/manifest.json; sourceTree = "<group>"; };
		D4EDE5323003FE6900ADB884 /* content.js */ = {isa = PBXFileReference; lastKnownFileType = sourcecode.javascript; name = content.js; path = Resources/content.js; sourceTree = "<group>"; };
		A10000020000000000000001 /* CalendarSyncService.swift */ = {isa = PBXFileReference; lastKnownFileType = sourcecode.swift; path = CalendarSyncService.swift; sourceTree = "<group>"; };
		A10000040000000000000001 /* Models.swift */ = {isa = PBXFileReference; lastKnownFileType = sourcecode.swift; path = Models.swift; sourceTree = "<group>"; };
		B20000020000000000000001 /* Assets.xcassets */ = {isa = PBXFileReference; lastKnownFileType = folder.assetcatalog; path = Assets.xcassets; sourceTree = "<group>"; };
		B20000040000000000000001 /* Icons */ = {isa = PBXFileReference; lastKnownFileType = folder; name = Icons; path = Resources/Icons; sourceTree = "<group>"; };
/* End PBXFileReference section */

/* Begin PBXFrameworksBuildPhase section */
		D4EDE4FE3003FE6700ADB884 /* Frameworks */ = {
			isa = PBXFrameworksBuildPhase;
			buildActionMask = 2147483647;
			files = (
			);
			runOnlyForDeploymentPostprocessing = 0;
		};
		D4EDE5193003FE6900ADB884 /* Frameworks */ = {
			isa = PBXFrameworksBuildPhase;
			buildActionMask = 2147483647;
			files = (
			);
			runOnlyForDeploymentPostprocessing = 0;
		};
/* End PBXFrameworksBuildPhase section */

/* Begin PBXGroup section */
		D4EDE4F83003FE6700ADB884 = {
			isa = PBXGroup;
			children = (
				D4EDE5033003FE6700ADB884 /* FourthShiftSync */,
				D4EDE5203003FE6900ADB884 /* FourthShiftSync Extension */,
				D4EDE5023003FE6700ADB884 /* Products */,
			);
			sourceTree = "<group>";
		};
		D4EDE5023003FE6700ADB884 /* Products */ = {
			isa = PBXGroup;
			children = (
				D4EDE5013003FE6700ADB884 /* FourthShiftSync.app */,
				D4EDE51C3003FE6900ADB884 /* FourthShiftSync Extension.appex */,
			);
			name = Products;
			sourceTree = "<group>";
		};
		D4EDE5033003FE6700ADB884 /* FourthShiftSync */ = {
			isa = PBXGroup;
			children = (
				D4EDE5043003FE6700ADB884 /* AppDelegate.swift */,
				B20000020000000000000001 /* Assets.xcassets */,
				D4EDE5173003FE6900ADB884 /* Info.plist */,
			);
			path = FourthShiftSync;
			sourceTree = "<group>";
		};
		D4EDE5203003FE6900ADB884 /* FourthShiftSync Extension */ = {
			isa = PBXGroup;
			children = (
				D4EDE52D3003FE6900ADB884 /* Resources */,
				A10000020000000000000001 /* CalendarSyncService.swift */,
				A10000040000000000000001 /* Models.swift */,
				D4EDE5213003FE6900ADB884 /* SafariWebExtensionHandler.swift */,
				D4EDE5233003FE6900ADB884 /* Info.plist */,
			);
			path = "FourthShiftSync Extension";
			sourceTree = "<group>";
		};
		D4EDE52D3003FE6900ADB884 /* Resources */ = {
			isa = PBXGroup;
			children = (
				B20000040000000000000001 /* Icons */,
				D4EDE52E3003FE6900ADB884 /* content.css */,
				D4EDE52F3003FE6900ADB884 /* background.js */,
				D4EDE5303003FE6900ADB884 /* schedule.js */,
				D4EDE5313003FE6900ADB884 /* manifest.json */,
				D4EDE5323003FE6900ADB884 /* content.js */,
			);
			name = Resources;
			path = "FourthShiftSync Extension";
			sourceTree = SOURCE_ROOT;
		};
/* End PBXGroup section */

/* Begin PBXNativeTarget section */
		D4EDE5003003FE6700ADB884 /* FourthShiftSync */ = {
			isa = PBXNativeTarget;
			buildConfigurationList = D4EDE52A3003FE6900ADB884 /* Build configuration list for PBXNativeTarget "FourthShiftSync" */;
			buildPhases = (
				D4EDE4FD3003FE6700ADB884 /* Sources */,
				D4EDE4FE3003FE6700ADB884 /* Frameworks */,
				D4EDE4FF3003FE6700ADB884 /* Resources */,
				D4EDE5293003FE6900ADB884 /* Embed Foundation Extensions */,
			);
			buildRules = (
			);
			dependencies = (
				D4EDE51F3003FE6900ADB884 /* PBXTargetDependency */,
			);
			name = FourthShiftSync;
			packageProductDependencies = (
			);
			productName = FourthShiftSync;
			productReference = D4EDE5013003FE6700ADB884 /* FourthShiftSync.app */;
			productType = "com.apple.product-type.application";
		};
		D4EDE51B3003FE6900ADB884 /* FourthShiftSync Extension */ = {
			isa = PBXNativeTarget;
			buildConfigurationList = D4EDE5263003FE6900ADB884 /* Build configuration list for PBXNativeTarget "FourthShiftSync Extension" */;
			buildPhases = (
				D4EDE5183003FE6900ADB884 /* Sources */,
				D4EDE5193003FE6900ADB884 /* Frameworks */,
				D4EDE51A3003FE6900ADB884 /* Resources */,
			);
			buildRules = (
			);
			dependencies = (
			);
			name = "FourthShiftSync Extension";
			packageProductDependencies = (
			);
			productName = "FourthShiftSync Extension";
			productReference = D4EDE51C3003FE6900ADB884 /* FourthShiftSync Extension.appex */;
			productType = "com.apple.product-type.app-extension";
		};
/* End PBXNativeTarget section */

/* Begin PBXProject section */
		D4EDE4F93003FE6700ADB884 /* Project object */ = {
			isa = PBXProject;
			attributes = {
				BuildIndependentTargetsInParallel = 1;
				LastSwiftUpdateCheck = 2650;
				LastUpgradeCheck = 2650;
				TargetAttributes = {
					D4EDE5003003FE6700ADB884 = {
						CreatedOnToolsVersion = 26.5;
					};
					D4EDE51B3003FE6900ADB884 = {
						CreatedOnToolsVersion = 26.5;
					};
				};
			};
			buildConfigurationList = D4EDE4FC3003FE6700ADB884 /* Build configuration list for PBXProject "FourthShiftSync" */;
			developmentRegion = en;
			hasScannedForEncodings = 0;
			knownRegions = (
				en,
			);
			mainGroup = D4EDE4F83003FE6700ADB884;
			minimizedProjectReferenceProxies = 1;
			preferredProjectObjectVersion = 77;
			productRefGroup = D4EDE5023003FE6700ADB884 /* Products */;
			projectDirPath = "";
			projectRoot = "";
			targets = (
				D4EDE5003003FE6700ADB884 /* FourthShiftSync */,
				D4EDE51B3003FE6900ADB884 /* FourthShiftSync Extension */,
			);
		};
/* End PBXProject section */

/* Begin PBXResourcesBuildPhase section */
		D4EDE4FF3003FE6700ADB884 /* Resources */ = {
			isa = PBXResourcesBuildPhase;
			buildActionMask = 2147483647;
			files = (
				B20000010000000000000001 /* Assets.xcassets in Resources */,
			);
			runOnlyForDeploymentPostprocessing = 0;
		};
		D4EDE51A3003FE6900ADB884 /* Resources */ = {
			isa = PBXResourcesBuildPhase;
			buildActionMask = 2147483647;
			files = (
				B20000030000000000000001 /* Icons in Resources */,
				D4EDE5363003FE6900ADB884 /* manifest.json in Resources */,
				D4EDE5343003FE6900ADB884 /* background.js in Resources */,
				D4EDE5353003FE6900ADB884 /* schedule.js in Resources */,
				D4EDE5333003FE6900ADB884 /* content.css in Resources */,
				D4EDE5373003FE6900ADB884 /* content.js in Resources */,
			);
			runOnlyForDeploymentPostprocessing = 0;
		};
/* End PBXResourcesBuildPhase section */

/* Begin PBXSourcesBuildPhase section */
		D4EDE4FD3003FE6700ADB884 /* Sources */ = {
			isa = PBXSourcesBuildPhase;
			buildActionMask = 2147483647;
			files = (
				D4EDE5053003FE6700ADB884 /* AppDelegate.swift in Sources */,
			);
			runOnlyForDeploymentPostprocessing = 0;
		};
		D4EDE5183003FE6900ADB884 /* Sources */ = {
			isa = PBXSourcesBuildPhase;
			buildActionMask = 2147483647;
			files = (
				A10000010000000000000001 /* CalendarSyncService.swift in Sources */,
				A10000030000000000000001 /* Models.swift in Sources */,
				D4EDE5223003FE6900ADB884 /* SafariWebExtensionHandler.swift in Sources */,
			);
			runOnlyForDeploymentPostprocessing = 0;
		};
/* End PBXSourcesBuildPhase section */

/* Begin PBXTargetDependency section */
		D4EDE51F3003FE6900ADB884 /* PBXTargetDependency */ = {
			isa = PBXTargetDependency;
			target = D4EDE51B3003FE6900ADB884 /* FourthShiftSync Extension */;
			targetProxy = D4EDE51E3003FE6900ADB884 /* PBXContainerItemProxy */;
		};
/* End PBXTargetDependency section */

/* Begin XCBuildConfiguration section */
		D4EDE5243003FE6900ADB884 /* Debug */ = {
			isa = XCBuildConfiguration;
			buildSettings = {
				ALWAYS_SEARCH_USER_PATHS = NO;
				ASSETCATALOG_COMPILER_GENERATE_SWIFT_ASSET_SYMBOL_EXTENSIONS = YES;
				CLANG_ANALYZER_NONNULL = YES;
				CLANG_ANALYZER_NUMBER_OBJECT_CONVERSION = YES_AGGRESSIVE;
				CLANG_CXX_LANGUAGE_STANDARD = "gnu++20";
				CLANG_ENABLE_MODULES = YES;
				CLANG_ENABLE_OBJC_ARC = YES;
				CLANG_ENABLE_OBJC_WEAK = YES;
				CLANG_WARN_BLOCK_CAPTURE_AUTORELEASING = YES;
				CLANG_WARN_BOOL_CONVERSION = YES;
				CLANG_WARN_COMMA = YES;
				CLANG_WARN_CONSTANT_CONVERSION = YES;
				CLANG_WARN_DEPRECATED_OBJC_IMPLEMENTATIONS = YES;
				CLANG_WARN_DIRECT_OBJC_ISA_USAGE = YES_ERROR;
				CLANG_WARN_DOCUMENTATION_COMMENTS = YES;
				CLANG_WARN_EMPTY_BODY = YES;
				CLANG_WARN_ENUM_CONVERSION = YES;
				CLANG_WARN_INFINITE_RECURSION = YES;
				CLANG_WARN_INT_CONVERSION = YES;
				CLANG_WARN_NON_LITERAL_NULL_CONVERSION = YES;
				CLANG_WARN_OBJC_IMPLICIT_RETAIN_SELF = YES;
				CLANG_WARN_OBJC_LITERAL_CONVERSION = YES;
				CLANG_WARN_OBJC_ROOT_CLASS = YES_ERROR;
				CLANG_WARN_QUOTED_INCLUDE_IN_FRAMEWORK_HEADER = YES;
				CLANG_WARN_RANGE_LOOP_ANALYSIS = YES;
				CLANG_WARN_STRICT_PROTOTYPES = YES;
				CLANG_WARN_SUSPICIOUS_MOVE = YES;
				CLANG_WARN_UNGUARDED_AVAILABILITY = YES_AGGRESSIVE;
				CLANG_WARN_UNREACHABLE_CODE = YES;
				CLANG_WARN__DUPLICATE_METHOD_MATCH = YES;
				COPY_PHASE_STRIP = NO;
				DEBUG_INFORMATION_FORMAT = dwarf;
				ENABLE_STRICT_OBJC_MSGSEND = YES;
				ENABLE_TESTABILITY = YES;
				ENABLE_USER_SCRIPT_SANDBOXING = YES;
				GCC_C_LANGUAGE_STANDARD = gnu17;
				GCC_DYNAMIC_NO_PIC = NO;
				GCC_NO_COMMON_BLOCKS = YES;
				GCC_OPTIMIZATION_LEVEL = 0;
				GCC_PREPROCESSOR_DEFINITIONS = (
					"DEBUG=1",
					"$(inherited)",
				);
				GCC_WARN_64_TO_32_BIT_CONVERSION = YES;
				GCC_WARN_ABOUT_RETURN_TYPE = YES_ERROR;
				GCC_WARN_UNDECLARED_SELECTOR = YES;
				GCC_WARN_UNINITIALIZED_AUTOS = YES_AGGRESSIVE;
				GCC_WARN_UNUSED_FUNCTION = YES;
				GCC_WARN_UNUSED_VARIABLE = YES;
				LOCALIZATION_PREFERS_STRING_CATALOGS = YES;
				MACOSX_DEPLOYMENT_TARGET = 26.5;
				MTL_ENABLE_DEBUG_INFO = INCLUDE_SOURCE;
				MTL_FAST_MATH = YES;
				ONLY_ACTIVE_ARCH = YES;
				SDKROOT = macosx;
				SWIFT_ACTIVE_COMPILATION_CONDITIONS = "DEBUG $(inherited)";
				SWIFT_OPTIMIZATION_LEVEL = "-Onone";
			};
			name = Debug;
		};
		D4EDE5253003FE6900ADB884 /* Release */ = {
			isa = XCBuildConfiguration;
			buildSettings = {
				ALWAYS_SEARCH_USER_PATHS = NO;
				ASSETCATALOG_COMPILER_GENERATE_SWIFT_ASSET_SYMBOL_EXTENSIONS = YES;
				CLANG_ANALYZER_NONNULL = YES;
				CLANG_ANALYZER_NUMBER_OBJECT_CONVERSION = YES_AGGRESSIVE;
				CLANG_CXX_LANGUAGE_STANDARD = "gnu++20";
				CLANG_ENABLE_MODULES = YES;
				CLANG_ENABLE_OBJC_ARC = YES;
				CLANG_ENABLE_OBJC_WEAK = YES;
				CLANG_WARN_BLOCK_CAPTURE_AUTORELEASING = YES;
				CLANG_WARN_BOOL_CONVERSION = YES;
				CLANG_WARN_COMMA = YES;
				CLANG_WARN_CONSTANT_CONVERSION = YES;
				CLANG_WARN_DEPRECATED_OBJC_IMPLEMENTATIONS = YES;
				CLANG_WARN_DIRECT_OBJC_ISA_USAGE = YES_ERROR;
				CLANG_WARN_DOCUMENTATION_COMMENTS = YES;
				CLANG_WARN_EMPTY_BODY = YES;
				CLANG_WARN_ENUM_CONVERSION = YES;
				CLANG_WARN_INFINITE_RECURSION = YES;
				CLANG_WARN_INT_CONVERSION = YES;
				CLANG_WARN_NON_LITERAL_NULL_CONVERSION = YES;
				CLANG_WARN_OBJC_IMPLICIT_RETAIN_SELF = YES;
				CLANG_WARN_OBJC_LITERAL_CONVERSION = YES;
				CLANG_WARN_OBJC_ROOT_CLASS = YES_ERROR;
				CLANG_WARN_QUOTED_INCLUDE_IN_FRAMEWORK_HEADER = YES;
				CLANG_WARN_RANGE_LOOP_ANALYSIS = YES;
				CLANG_WARN_STRICT_PROTOTYPES = YES;
				CLANG_WARN_SUSPICIOUS_MOVE = YES;
				CLANG_WARN_UNGUARDED_AVAILABILITY = YES_AGGRESSIVE;
				CLANG_WARN_UNREACHABLE_CODE = YES;
				CLANG_WARN__DUPLICATE_METHOD_MATCH = YES;
				COPY_PHASE_STRIP = NO;
				DEBUG_INFORMATION_FORMAT = "dwarf-with-dsym";
				ENABLE_NS_ASSERTIONS = NO;
				ENABLE_STRICT_OBJC_MSGSEND = YES;
				ENABLE_USER_SCRIPT_SANDBOXING = YES;
				GCC_C_LANGUAGE_STANDARD = gnu17;
				GCC_NO_COMMON_BLOCKS = YES;
				GCC_WARN_64_TO_32_BIT_CONVERSION = YES;
				GCC_WARN_ABOUT_RETURN_TYPE = YES_ERROR;
				GCC_WARN_UNDECLARED_SELECTOR = YES;
				GCC_WARN_UNINITIALIZED_AUTOS = YES_AGGRESSIVE;
				GCC_WARN_UNUSED_FUNCTION = YES;
				GCC_WARN_UNUSED_VARIABLE = YES;
				LOCALIZATION_PREFERS_STRING_CATALOGS = YES;
				MACOSX_DEPLOYMENT_TARGET = 26.5;
				MTL_ENABLE_DEBUG_INFO = NO;
				MTL_FAST_MATH = YES;
				SDKROOT = macosx;
				SWIFT_COMPILATION_MODE = wholemodule;
			};
			name = Release;
		};
		D4EDE5273003FE6900ADB884 /* Debug */ = {
			isa = XCBuildConfiguration;
			buildSettings = {
				CODE_SIGN_ENTITLEMENTS = "FourthShiftSync Extension/FourthShiftSync Extension.entitlements";
				CODE_SIGN_STYLE = Automatic;
				CURRENT_PROJECT_VERSION = 1;
				ENABLE_APP_SANDBOX = YES;
				ENABLE_HARDENED_RUNTIME = YES;
				GENERATE_INFOPLIST_FILE = YES;
				INFOPLIST_FILE = "FourthShiftSync Extension/Info.plist";
				INFOPLIST_KEY_CFBundleDisplayName = "FourthShiftSync Extension";
				INFOPLIST_KEY_NSHumanReadableCopyright = "";
				LD_RUNPATH_SEARCH_PATHS = (
					"$(inherited)",
					"@executable_path/../Frameworks",
					"@executable_path/../../../../Frameworks",
				);
				MACOSX_DEPLOYMENT_TARGET = 14.0;
				MARKETING_VERSION = 1.0.1;
				OTHER_LDFLAGS = (
					"-framework",
					SafariServices,
				);
				PRODUCT_BUNDLE_IDENTIFIER = uk.co.oliverbravery.FourthShiftSync.Extension;
				PRODUCT_NAME = "$(TARGET_NAME)";
				SKIP_INSTALL = YES;
				STRING_CATALOG_GENERATE_SYMBOLS = YES;
				SWIFT_APPROACHABLE_CONCURRENCY = YES;
				SWIFT_EMIT_LOC_STRINGS = YES;
				SWIFT_UPCOMING_FEATURE_MEMBER_IMPORT_VISIBILITY = YES;
				SWIFT_VERSION = 5.0;
			};
			name = Debug;
		};
		D4EDE5283003FE6900ADB884 /* Release */ = {
			isa = XCBuildConfiguration;
			buildSettings = {
				CODE_SIGN_ENTITLEMENTS = "FourthShiftSync Extension/FourthShiftSync Extension.entitlements";
				CODE_SIGN_STYLE = Automatic;
				CURRENT_PROJECT_VERSION = 1;
				ENABLE_APP_SANDBOX = YES;
				ENABLE_HARDENED_RUNTIME = YES;
				GENERATE_INFOPLIST_FILE = YES;
				INFOPLIST_FILE = "FourthShiftSync Extension/Info.plist";
				INFOPLIST_KEY_CFBundleDisplayName = "FourthShiftSync Extension";
				INFOPLIST_KEY_NSHumanReadableCopyright = "";
				LD_RUNPATH_SEARCH_PATHS = (
					"$(inherited)",
					"@executable_path/../Frameworks",
					"@executable_path/../../../../Frameworks",
				);
				MACOSX_DEPLOYMENT_TARGET = 14.0;
				MARKETING_VERSION = 1.0.1;
				OTHER_LDFLAGS = (
					"-framework",
					SafariServices,
				);
				PRODUCT_BUNDLE_IDENTIFIER = uk.co.oliverbravery.FourthShiftSync.Extension;
				PRODUCT_NAME = "$(TARGET_NAME)";
				SKIP_INSTALL = YES;
				STRING_CATALOG_GENERATE_SYMBOLS = YES;
				SWIFT_APPROACHABLE_CONCURRENCY = YES;
				SWIFT_EMIT_LOC_STRINGS = YES;
				SWIFT_UPCOMING_FEATURE_MEMBER_IMPORT_VISIBILITY = YES;
				SWIFT_VERSION = 5.0;
			};
			name = Release;
		};
		D4EDE52B3003FE6900ADB884 /* Debug */ = {
			isa = XCBuildConfiguration;
			buildSettings = {
				ASSETCATALOG_COMPILER_APPICON_NAME = AppIcon;
				CODE_SIGN_ENTITLEMENTS = FourthShiftSync/FourthShiftSync.entitlements;
				CODE_SIGN_STYLE = Automatic;
				COMBINE_HIDPI_IMAGES = YES;
				CURRENT_PROJECT_VERSION = 1;
				ENABLE_APP_SANDBOX = YES;
				ENABLE_HARDENED_RUNTIME = YES;
				GENERATE_INFOPLIST_FILE = YES;
				INFOPLIST_FILE = FourthShiftSync/Info.plist;
				INFOPLIST_KEY_CFBundleDisplayName = "Fourth Shift Sync";
				INFOPLIST_KEY_NSHumanReadableCopyright = "";
				INFOPLIST_KEY_NSPrincipalClass = NSApplication;
				LD_RUNPATH_SEARCH_PATHS = (
					"$(inherited)",
					"@executable_path/../Frameworks",
				);
				MACOSX_DEPLOYMENT_TARGET = 14.0;
				MARKETING_VERSION = 1.0.1;
				PRODUCT_BUNDLE_IDENTIFIER = uk.co.oliverbravery.FourthShiftSync;
				PRODUCT_NAME = "$(TARGET_NAME)";
				STRING_CATALOG_GENERATE_SYMBOLS = YES;
				SWIFT_APPROACHABLE_CONCURRENCY = YES;
				SWIFT_DEFAULT_ACTOR_ISOLATION = MainActor;
				SWIFT_EMIT_LOC_STRINGS = YES;
				SWIFT_UPCOMING_FEATURE_MEMBER_IMPORT_VISIBILITY = YES;
				SWIFT_VERSION = 5.0;
			};
			name = Debug;
		};
		D4EDE52C3003FE6900ADB884 /* Release */ = {
			isa = XCBuildConfiguration;
			buildSettings = {
				ASSETCATALOG_COMPILER_APPICON_NAME = AppIcon;
				CODE_SIGN_ENTITLEMENTS = FourthShiftSync/FourthShiftSync.entitlements;
				CODE_SIGN_STYLE = Automatic;
				COMBINE_HIDPI_IMAGES = YES;
				CURRENT_PROJECT_VERSION = 1;
				ENABLE_APP_SANDBOX = YES;
				ENABLE_HARDENED_RUNTIME = YES;
				GENERATE_INFOPLIST_FILE = YES;
				INFOPLIST_FILE = FourthShiftSync/Info.plist;
				INFOPLIST_KEY_CFBundleDisplayName = "Fourth Shift Sync";
				INFOPLIST_KEY_NSHumanReadableCopyright = "";
				INFOPLIST_KEY_NSPrincipalClass = NSApplication;
				LD_RUNPATH_SEARCH_PATHS = (
					"$(inherited)",
					"@executable_path/../Frameworks",
				);
				MACOSX_DEPLOYMENT_TARGET = 14.0;
				MARKETING_VERSION = 1.0.1;
				PRODUCT_BUNDLE_IDENTIFIER = uk.co.oliverbravery.FourthShiftSync;
				PRODUCT_NAME = "$(TARGET_NAME)";
				STRING_CATALOG_GENERATE_SYMBOLS = YES;
				SWIFT_APPROACHABLE_CONCURRENCY = YES;
				SWIFT_DEFAULT_ACTOR_ISOLATION = MainActor;
				SWIFT_EMIT_LOC_STRINGS = YES;
				SWIFT_UPCOMING_FEATURE_MEMBER_IMPORT_VISIBILITY = YES;
				SWIFT_VERSION = 5.0;
			};
			name = Release;
		};
/* End XCBuildConfiguration section */

/* Begin XCConfigurationList section */
		D4EDE4FC3003FE6700ADB884 /* Build configuration list for PBXProject "FourthShiftSync" */ = {
			isa = XCConfigurationList;
			buildConfigurations = (
				D4EDE5243003FE6900ADB884 /* Debug */,
				D4EDE5253003FE6900ADB884 /* Release */,
			);
			defaultConfigurationIsVisible = 0;
			defaultConfigurationName = Release;
		};
		D4EDE5263003FE6900ADB884 /* Build configuration list for PBXNativeTarget "FourthShiftSync Extension" */ = {
			isa = XCConfigurationList;
			buildConfigurations = (
				D4EDE5273003FE6900ADB884 /* Debug */,
				D4EDE5283003FE6900ADB884 /* Release */,
			);
			defaultConfigurationIsVisible = 0;
			defaultConfigurationName = Release;
		};
		D4EDE52A3003FE6900ADB884 /* Build configuration list for PBXNativeTarget "FourthShiftSync" */ = {
			isa = XCConfigurationList;
			buildConfigurations = (
				D4EDE52B3003FE6900ADB884 /* Debug */,
				D4EDE52C3003FE6900ADB884 /* Release */,
			);
			defaultConfigurationIsVisible = 0;
			defaultConfigurationName = Release;
		};
/* End XCConfigurationList section */
	};
	rootObject = D4EDE4F93003FE6700ADB884 /* Project object */;
}
